github.com/edouard127/mc-go-1.12.2 v1.0.2-0.20220920000746-fc17dc493767 h1:WWaP20TA0ZwCf7p19MeQz+nPEBtA8WM8w6EsFDnRpCs=
github.com/edouard127/mc-go-1.12.2 v1.0.2-0.20220920000746-fc17dc493767/go.mod h1:oihMM1qMWJ4eqEZC6opWKhQ6gzGkeQtlZtZIgk3r+IM=
github.com/edouard127/mc-go-1.12.2 v1.0.2-0.20220920001031-db8c05208353 h1:mpvHNKBAzmSE4ddDjKNSWJJbgCNqifacMZw87oCzWzs=
github.com/edouard127/mc-go-1.12.2 v1.0.2-0.20220920001031-db8c05208353/go.mod h1:oihMM1qMWJ4eqEZC6opWKhQ6gzGkeQtlZtZIgk3r+IM=
github.com/edouard127/mc-go-1.12.2 v1.0.2-0.20220921231410-c83818d711a6 h1:47k7Em+bnhjKIyXjsYXcFWbtnFzHCyUKW0zOVdWqMIs=
github.com/edouard127/mc-go-1.12.2 v1.0.2-0.20220921231410-c83818d711a6/go.mod h1:oihMM1qMWJ4eqEZC6opWKhQ6gzGkeQtlZtZIgk3r+IM=
github.com/edouard127/mc-go-1.12.2 v1.0.2-0.20220921231840-8244001ec52e h1:Ta4LxTTyPtkMuXyMibR1le1Aox88cmQ7nlxtCCzygbo=
github.com/edouard127/mc-go-1.12.2 v1.0.2-0.20220921231840-8244001ec52e/go.mod h1:oihMM1qMWJ4eqEZC6opWKhQ6gzGkeQtlZtZIgk3r+IM=
github.com/edouard127/mc-go-1.12.2 v1.0.2-0.20220921232857-28d3932774c8 h1:HNAr3y+2bKMXcJbJzrsJmgi6LGjuOpTdgR+24MGXQQQ=
github.com/edouard127/mc-go-1.12.2 v1.0.2-0.20220921232857-28d3932774c8/go.mod h1:oihMM1qMWJ4eqEZC6opWKhQ6gzGkeQtlZtZIgk3r+IM=
github.com/edouard127/mc-go-1.12.2 v1.0.2-0.20220922000032-8908842c901e h1:zx796yrWvIEoEbM4ugZSvjszwzH43VbksRRMk4l8bUQ=
github.com/edouard127/mc-go-1.12.2 v1.0.2-0.20220922000032-8908842c901e/go.mod h1:oihMM1qMWJ4eqEZC6opWKhQ6gzGkeQtlZtZIgk3r+IM=
github.com/edouard127/mc-go-1.12.2 v1.0.2-0.20220922000641-5db690b2a454 h1:SrzAVv9c38UB4xV6F63udkXphjxeGqAMqVkciheG36Q=
github.com/edouard127/mc-go-1.12.2 v1.0.2-0.20220922000641-5db690b2a454/go.mod h1:oihMM1qMWJ4eqEZC6opWKhQ6gzGkeQtlZtZIgk3r+IM=
github.com/edouard127/mc-go-1.12.2 v1.0.2-0.20220922002000-36c96c19e948 h1:L2NeCMhV7nByzSRWbWVyEYtsPfmbsJJoD8zVkikPOEo=
github.com/edouard127/mc-go-1.12.2 v1.0.2-0.20220922002000-36c96c19e948/go.mod h1:oihMM1qMWJ4eqEZC6opWKhQ6gzGkeQtlZtZIgk3r+IM=
github.com/edouard127/mc-go-1.12.2 v1.0.2-0.20220922002434-49d77523c8a7 h1:zJwX0V6b8yxjEsC7xAZM7VUeQuD0m5dCt74YUz9r35s=
github.com/edouard127/mc-go-1.12.2 v1.0.2-0.20220922002434-49d77523c8a7/go.mod h1:oihMM1qMWJ4eqEZC6opWKhQ6gzGkeQtlZtZIgk3r+IM=
github.com/edouard127/mc-go-1.12.2 v1.0.2-0.20220922003922-c71468dd47ff h1:V6JCHt66eJK1ztqL4A7SmshPee3hU9TAtDgblhIY+Uc=
github.com/edouard127/mc-go-1.12.2 v1.0.2-0.20220922003922-c71468dd47ff/go.mod h1:oihMM1qMWJ4eqEZC6opWKhQ6gzGkeQtlZtZIgk3r+IM=
github.com/edouard127/mc-go-1.12.2 v1.0.2-0.20220922010525-a595115d60f6 h1:9O8eEcj7WYHoOEO3FH/ebYi2NsqlmzFncZJPzRqYmUE=
github.com/edouard127/mc-go-1.12.2 v1.0.2-0.20220922010525-a595115d60f6/go.mod h1:oihMM1qMWJ4eqEZC6opWKhQ6gzGkeQtlZtZIgk3r+IM=
github.com/edouard127/mc-go-1.12.2 v1.0.2-0.20220922232630-d5bea7933c88 h1:LXMQISXi8mznXiENOzFHi6q5hijGUPfvAtbTLYXnGeU=
github.com/edouard127/mc-go-1.12.2 v1.0.2-0.20220922232630-d5bea7933c88/go.mod h1:oihMM1qMWJ4eqEZC6opWKhQ6gzGkeQtlZtZIgk3r+IM=
github.com/edouard127/mc-go-1.12.2 v1.0.2-0.20220922234510-b90388329e63 h1:A/apOgQx0OnM9FK5f/GeSvgEoLD/si7pqqFHIujvlag=
github.com/edouard127/mc-go-1.12.2 v1.0.2-0.20220922234510-b90388329e63/go.mod h1:oihMM1qMWJ4eqEZC6opWKhQ6gzGkeQtlZtZIgk3r+IM=
github.com/fatih/color v1.13.0 h1:8LOYc1KYPPmyKMuN8QV2DNRWNbLo6LZ0iLs8+mlH53w=
github.com/fatih/color v1.13.0/go.mod h1:kLAiJbzzSOZDVNGyDpeOxJ47H46qBXwg5ILebYFFOfk=
github.com/mattn/go-colorable v0.1.9 h1:sqDoxXbdeALODt0DAeJCVp38ps9ZogZEAXjus69YV3U=
github.com/mattn/go-colorable v0.1.9/go.mod h1:u6P/XSegPjTcexA+o6vUJrdnUu04hMope9wVRipJSqc=
github.com/mattn/go-isatty v0.0.12/go.mod h1:cbi8OIDigv2wuxKPP5vlRcQ1OAZbq2CE4Kysco4FUpU=
github.com/mattn/go-isatty v0.0.14 h1:yVuAays6BHfxijgZPzw+3Zlu5yQgKGP2/hcQbHb7S9Y=
github.com/mattn/go-isatty v0.0.14/go.mod h1:7GGIvUiUoEMVVmxf/4nioHXj79iQHKdU27kJ6hsGG94=
golang.org/x/sys v0.0.0-20200116001909-b77594299b42/go.mod h1:h1NjWce9XRLGQEsW7wpKNCjG9DtNlClVuFLEZdDNbEs=
golang.org/x/sys v0.0.0-20200223170610-d5e6a3e2c0ae/go.mod h1:h1NjWce9XRLGQEsW7wpKNCjG9DtNlClVuFLEZdDNbEs=
golang.org/x/sys v0.0.0-20210630005230-0f9fa26af87c h1:F1jZWGFhYfh0Ci55sIpILtKKK8p3i2/krTr0H1rg74I=
golang.org/x/sys v0.0.0-20210630005230-0f9fa26af87c/go.mod h1:oPkhp1MJrh7nUepCBck5+mAzfO9JrbApNNgaTdGDITg=
