github.com/edouard127/mc-go-1.12.2 v1.0.1 h1:ulKy8ZZpfF+nciCHVhUV/6vK3EvFI0eBBK+DXCvAErg=
github.com/edouard127/mc-go-1.12.2 v1.0.1/go.mod h1:oihMM1qMWJ4eqEZC6opWKhQ6gzGkeQtlZtZIgk3r+IM=
github.com/edouard127/mc-go-1.12.2 v1.0.2-0.20220916175910-142e3d2d56a3 h1:lbIpopt+hlF3Bdsni8DzEW1PGtbp/OekaotryvXryos=
github.com/edouard127/mc-go-1.12.2 v1.0.2-0.20220916175910-142e3d2d56a3/go.mod h1:oihMM1qMWJ4eqEZC6opWKhQ6gzGkeQtlZtZIgk3r+IM=
github.com/edouard127/mc-go-1.12.2 v1.0.2-0.20220916180515-e638325edae9 h1:Vqm9dQRy5diDiP5Ea/5a2kefrXA3BlsvQRGEQIA3gwA=
github.com/edouard127/mc-go-1.12.2 v1.0.2-0.20220916180515-e638325edae9/go.mod h1:oihMM1qMWJ4eqEZC6opWKhQ6gzGkeQtlZtZIgk3r+IM=
github.com/edouard127/mc-go-1.12.2 v1.0.2-0.20220916180752-3e38c6f7a4ba h1:SwJruhGSAxecZiK32eZ/ttrhmIh7T9SzRbQtghGoDAQ=
github.com/edouard127/mc-go-1.12.2 v1.0.2-0.20220916180752-3e38c6f7a4ba/go.mod h1:oihMM1qMWJ4eqEZC6opWKhQ6gzGkeQtlZtZIgk3r+IM=
github.com/edouard127/mc-go-1.12.2 v1.0.2-0.20220916183006-c21910ff6639 h1:P7W7TZaTVJW/TQQEhxfc+j6ixBkGl8Iqbsg3xUm+oO4=
github.com/edouard127/mc-go-1.12.2 v1.0.2-0.20220916183006-c21910ff6639/go.mod h1:oihMM1qMWJ4eqEZC6opWKhQ6gzGkeQtlZtZIgk3r+IM=
github.com/edouard127/mc-go-1.12.2 v1.0.2-0.20220916183151-bc1369699cfd h1:xOrmx5/SjLe7sXfi68CdoXgQ8VxzJCMU9KmDCpJwbyM=
github.com/edouard127/mc-go-1.12.2 v1.0.2-0.20220916183151-bc1369699cfd/go.mod h1:oihMM1qMWJ4eqEZC6opWKhQ6gzGkeQtlZtZIgk3r+IM=
github.com/edouard127/mc-go-1.12.2 v1.0.2-0.20220916195138-5f7395d071bc h1:2h0SNkE8lW7jtwkeLybLaR1ee5HxwfIWgoRotu/dg1s=
github.com/edouard127/mc-go-1.12.2 v1.0.2-0.20220916195138-5f7395d071bc/go.mod h1:oihMM1qMWJ4eqEZC6opWKhQ6gzGkeQtlZtZIgk3r+IM=
github.com/edouard127/mc-go-1.12.2 v1.0.2-0.20220916195959-49a7b217351f h1:tVvuNeJn7qf7Msnuckr1QRybj8Heqxkmrqaq+ssS/a8=
github.com/edouard127/mc-go-1.12.2 v1.0.2-0.20220916195959-49a7b217351f/go.mod h1:oihMM1qMWJ4eqEZC6opWKhQ6gzGkeQtlZtZIgk3r+IM=
github.com/edouard127/mc-go-1.12.2 v1.0.2-0.20220916202701-18cbcda1edda h1:f5jPDeOIwKSIjqySRhM6gkCe36K6mjk7MTDkELwG82Q=
github.com/edouard127/mc-go-1.12.2 v1.0.2-0.20220916202701-18cbcda1edda/go.mod h1:oihMM1qMWJ4eqEZC6opWKhQ6gzGkeQtlZtZIgk3r+IM=
github.com/edouard127/mc-go-1.12.2 v1.0.2-0.20220916234339-8f6220a650f6 h1:lJNzDjcfPD652TQAV0b7OIgs7RduQesMDFMt/lmySUI=
github.com/edouard127/mc-go-1.12.2 v1.0.2-0.20220916234339-8f6220a650f6/go.mod h1:oihMM1qMWJ4eqEZC6opWKhQ6gzGkeQtlZtZIgk3r+IM=
github.com/edouard127/mc-go-1.12.2 v1.0.2-0.20220917000944-d7280879b1de h1:onKmRL0eieEH7RYz27x1tOwWXG3xlowf0WxGuROEcsI=
github.com/edouard127/mc-go-1.12.2 v1.0.2-0.20220917000944-d7280879b1de/go.mod h1:oihMM1qMWJ4eqEZC6opWKhQ6gzGkeQtlZtZIgk3r+IM=
github.com/edouard127/mc-go-1.12.2 v1.0.2-0.20220917001453-6868163fef11 h1:y+qDavJwDO3C8yJOTxib+UjKATvPZEjXPlqiwThyjyk=
github.com/edouard127/mc-go-1.12.2 v1.0.2-0.20220917001453-6868163fef11/go.mod h1:oihMM1qMWJ4eqEZC6opWKhQ6gzGkeQtlZtZIgk3r+IM=
github.com/edouard127/mc-go-1.12.2 v1.0.2-0.20220917001630-dee394678ec5 h1:GVwH0JWmmmHao2nQIYPVi83bQ0y9vsPrrg/sAgb87Nw=
github.com/edouard127/mc-go-1.12.2 v1.0.2-0.20220917001630-dee394678ec5/go.mod h1:oihMM1qMWJ4eqEZC6opWKhQ6gzGkeQtlZtZIgk3r+IM=
github.com/edouard127/mc-go-1.12.2 v1.0.2-0.20220917013702-ebd8dd322b4a h1:EEvY2Q9siG91P7vD8xOPRw3AiAG0iNuIg3jT230jcrI=
github.com/edouard127/mc-go-1.12.2 v1.0.2-0.20220917013702-ebd8dd322b4a/go.mod h1:oihMM1qMWJ4eqEZC6opWKhQ6gzGkeQtlZtZIgk3r+IM=
github.com/fatih/color v1.13.0 h1:8LOYc1KYPPmyKMuN8QV2DNRWNbLo6LZ0iLs8+mlH53w=
github.com/fatih/color v1.13.0/go.mod h1:kLAiJbzzSOZDVNGyDpeOxJ47H46qBXwg5ILebYFFOfk=
github.com/mattn/go-colorable v0.1.9 h1:sqDoxXbdeALODt0DAeJCVp38ps9ZogZEAXjus69YV3U=
github.com/mattn/go-colorable v0.1.9/go.mod h1:u6P/XSegPjTcexA+o6vUJrdnUu04hMope9wVRipJSqc=
github.com/mattn/go-isatty v0.0.12/go.mod h1:cbi8OIDigv2wuxKPP5vlRcQ1OAZbq2CE4Kysco4FUpU=
github.com/mattn/go-isatty v0.0.14 h1:yVuAays6BHfxijgZPzw+3Zlu5yQgKGP2/hcQbHb7S9Y=
github.com/mattn/go-isatty v0.0.14/go.mod h1:7GGIvUiUoEMVVmxf/4nioHXj79iQHKdU27kJ6hsGG94=
golang.org/x/sys v0.0.0-20200116001909-b77594299b42/go.mod h1:h1NjWce9XRLGQEsW7wpKNCjG9DtNlClVuFLEZdDNbEs=
golang.org/x/sys v0.0.0-20200223170610-d5e6a3e2c0ae/go.mod h1:h1NjWce9XRLGQEsW7wpKNCjG9DtNlClVuFLEZdDNbEs=
golang.org/x/sys v0.0.0-20210630005230-0f9fa26af87c h1:F1jZWGFhYfh0Ci55sIpILtKKK8p3i2/krTr0H1rg74I=
golang.org/x/sys v0.0.0-20210630005230-0f9fa26af87c/go.mod h1:oPkhp1MJrh7nUepCBck5+mAzfO9JrbApNNgaTdGDITg=
